
Microsoft Visual Studio Solution File, Format Version 12.00
# Visual Studio 15
VisualStudioVersion = 15.0.27428.2015
MinimumVisualStudioVersion = 10.0.40219.1
Project("{FAE04EC0-301F-11D3-BF4B-00C04F79EFBC}") = "myshop", "myshop\myshop.csproj", "{3476A69E-3C5E-4136-A33D-23CAE9C689EE}"
EndProject
Global
	GlobalSection(SolutionConfigurationPlatforms) = preSolution
		Debug|Any CPU = Debug|Any CPU
		Release|Any CPU = Release|Any CPU
	EndGlobalSection
	GlobalSection(ProjectConfigurationPlatforms) = postSolution
		{3476A69E-3C5E-4136-A33D-23CAE9C689EE}.Debug|Any CPU.ActiveCfg = Debug|Any CPU
		{3476A69E-3C5E-4136-A33D-23CAE9C689EE}.Debug|Any CPU.Build.0 = Debug|Any CPU
		{3476A69E-3C5E-4136-A33D-23CAE9C689EE}.Release|Any CPU.ActiveCfg = Release|Any CPU
		{3476A69E-3C5E-4136-A33D-23CAE9C689EE}.Release|Any CPU.Build.0 = Release|Any CPU
	EndGlobalSection
	GlobalSection(SolutionProperties) = preSolution
		HideSolutionNode = FALSE
	EndGlobalSection
	GlobalSection(ExtensibilityGlobals) = postSolution
		SolutionGuid = {83069A9F-4F44-4D9E-8A6C-8DDEC6BA842A}
	EndGlobalSection
EndGlobal
